
Microsoft Visual Studio Solution File, Format Version 12.00
# Visual Studio Version 17
VisualStudioVersion = 17.0.31903.59
MinimumVisualStudioVersion = 10.0.40219.1
Project("{2150E333-8FDC-42A3-9474-1A3956D46DE8}") = "Aula 1", "Aula 1", "{9D259F20-07C8-4F1D-B7E1-FD0E1A83D913}"
EndProject
Project("{2150E333-8FDC-42A3-9474-1A3956D46DE8}") = "ADO", "ADO", "{DAD6A5E4-8FC2-41BE-9FBC-ABC6EBF4C5A8}"
EndProject
Project("{FAE04EC0-301F-11D3-BF4B-00C04F79EFBC}") = "Exemplo1", "Aula 1\ADO\Exemplo1\Exemplo1.csproj", "{6E3B5A65-53F2-4FF1-8E42-68732F7FA57C}"
EndProject
Project("{2150E333-8FDC-42A3-9474-1A3956D46DE8}") = "Entity", "Entity", "{CE57868C-DF57-4FDE-BD29-5BD28859E2B8}"
EndProject
Project("{FAE04EC0-301F-11D3-BF4B-00C04F79EFBC}") = "Exemplo2", "Aula 1\Entity\Exemplo2\Exemplo2.csproj", "{DC18E22B-FC3B-4510-A01D-463B3B8B61AA}"
EndProject
Project("{2150E333-8FDC-42A3-9474-1A3956D46DE8}") = "Aula 2", "Aula 2", "{BF7AB268-F336-4F3A-A7EC-1D821713A363}"
EndProject
Project("{FAE04EC0-301F-11D3-BF4B-00C04F79EFBC}") = "Exemplo_Dapper", "Aula 2\Exemplo_Dapper\Exemplo_Dapper.csproj", "{CD49BF24-FA5D-433B-A5BB-0BF87181A499}"
EndProject
Global
	GlobalSection(SolutionConfigurationPlatforms) = preSolution
		Debug|Any CPU = Debug|Any CPU
		Release|Any CPU = Release|Any CPU
	EndGlobalSection
	GlobalSection(SolutionProperties) = preSolution
		HideSolutionNode = FALSE
	EndGlobalSection
	GlobalSection(ProjectConfigurationPlatforms) = postSolution
		{6E3B5A65-53F2-4FF1-8E42-68732F7FA57C}.Debug|Any CPU.ActiveCfg = Debug|Any CPU
		{6E3B5A65-53F2-4FF1-8E42-68732F7FA57C}.Debug|Any CPU.Build.0 = Debug|Any CPU
		{6E3B5A65-53F2-4FF1-8E42-68732F7FA57C}.Release|Any CPU.ActiveCfg = Release|Any CPU
		{6E3B5A65-53F2-4FF1-8E42-68732F7FA57C}.Release|Any CPU.Build.0 = Release|Any CPU
		{DC18E22B-FC3B-4510-A01D-463B3B8B61AA}.Debug|Any CPU.ActiveCfg = Debug|Any CPU
		{DC18E22B-FC3B-4510-A01D-463B3B8B61AA}.Debug|Any CPU.Build.0 = Debug|Any CPU
		{DC18E22B-FC3B-4510-A01D-463B3B8B61AA}.Release|Any CPU.ActiveCfg = Release|Any CPU
		{DC18E22B-FC3B-4510-A01D-463B3B8B61AA}.Release|Any CPU.Build.0 = Release|Any CPU
		{CD49BF24-FA5D-433B-A5BB-0BF87181A499}.Debug|Any CPU.ActiveCfg = Debug|Any CPU
		{CD49BF24-FA5D-433B-A5BB-0BF87181A499}.Debug|Any CPU.Build.0 = Debug|Any CPU
		{CD49BF24-FA5D-433B-A5BB-0BF87181A499}.Release|Any CPU.ActiveCfg = Release|Any CPU
		{CD49BF24-FA5D-433B-A5BB-0BF87181A499}.Release|Any CPU.Build.0 = Release|Any CPU
	EndGlobalSection
	GlobalSection(NestedProjects) = preSolution
		{DAD6A5E4-8FC2-41BE-9FBC-ABC6EBF4C5A8} = {9D259F20-07C8-4F1D-B7E1-FD0E1A83D913}
		{6E3B5A65-53F2-4FF1-8E42-68732F7FA57C} = {DAD6A5E4-8FC2-41BE-9FBC-ABC6EBF4C5A8}
		{CE57868C-DF57-4FDE-BD29-5BD28859E2B8} = {9D259F20-07C8-4F1D-B7E1-FD0E1A83D913}
		{DC18E22B-FC3B-4510-A01D-463B3B8B61AA} = {CE57868C-DF57-4FDE-BD29-5BD28859E2B8}
		{CD49BF24-FA5D-433B-A5BB-0BF87181A499} = {BF7AB268-F336-4F3A-A7EC-1D821713A363}
	EndGlobalSection
EndGlobal
